
Microsoft Visual Studio Solution File, Format Version 12.00
# Visual Studio Version 17
VisualStudioVersion = 17.2.32516.85
MinimumVisualStudioVersion = 10.0.40219.1
Project("{FAE04EC0-301F-11D3-BF4B-00C04F79EFBC}") = "BDEjemplo2", "BDEjemplo2\BDEjemplo2.csproj", "{3C826DAE-2DB6-4A66-89FE-36F24021F30C}"
EndProject
Global
	GlobalSection(SolutionConfigurationPlatforms) = preSolution
		Debug|Any CPU = Debug|Any CPU
		Release|Any CPU = Release|Any CPU
	EndGlobalSection
	GlobalSection(ProjectConfigurationPlatforms) = postSolution
		{3C826DAE-2DB6-4A66-89FE-36F24021F30C}.Debug|Any CPU.ActiveCfg = Debug|Any CPU
		{3C826DAE-2DB6-4A66-89FE-36F24021F30C}.Debug|Any CPU.Build.0 = Debug|Any CPU
		{3C826DAE-2DB6-4A66-89FE-36F24021F30C}.Release|Any CPU.ActiveCfg = Release|Any CPU
		{3C826DAE-2DB6-4A66-89FE-36F24021F30C}.Release|Any CPU.Build.0 = Release|Any CPU
	EndGlobalSection
	GlobalSection(SolutionProperties) = preSolution
		HideSolutionNode = FALSE
	EndGlobalSection
	GlobalSection(ExtensibilityGlobals) = postSolution
		SolutionGuid = {B8A085BC-6A12-4C29-8EC9-A3BC7EA2B566}
	EndGlobalSection
EndGlobal
